
Microsoft Visual Studio Solution File, Format Version 12.00
# Visual Studio 15
VisualStudioVersion = 15.0.28010.0
MinimumVisualStudioVersion = 10.0.40219.1
Project("{FAE04EC0-301F-11D3-BF4B-00C04F79EFBC}") = "Order.Api", "Order.Api\Order.Api.csproj", "{170261D0-4126-42AD-9B00-59154F2CF937}"
EndProject
Global
	GlobalSection(SolutionConfigurationPlatforms) = preSolution
		Debug|Any CPU = Debug|Any CPU
		Release|Any CPU = Release|Any CPU
	EndGlobalSection
	GlobalSection(ProjectConfigurationPlatforms) = postSolution
		{170261D0-4126-42AD-9B00-59154F2CF937}.Debug|Any CPU.ActiveCfg = Debug|Any CPU
		{170261D0-4126-42AD-9B00-59154F2CF937}.Debug|Any CPU.Build.0 = Debug|Any CPU
		{170261D0-4126-42AD-9B00-59154F2CF937}.Release|Any CPU.ActiveCfg = Release|Any CPU
		{170261D0-4126-42AD-9B00-59154F2CF937}.Release|Any CPU.Build.0 = Release|Any CPU
	EndGlobalSection
	GlobalSection(SolutionProperties) = preSolution
		HideSolutionNode = FALSE
	EndGlobalSection
	GlobalSection(ExtensibilityGlobals) = postSolution
		SolutionGuid = {DFDC0739-7E89-443E-9AFF-CD11849F44D6}
	EndGlobalSection
EndGlobal
